
Microsoft Visual Studio Solution File, Format Version 12.00
# Visual Studio Version 17
VisualStudioVersion = 17.4.33205.214
MinimumVisualStudioVersion = 10.0.40219.1
Project("{9A19103F-16F7-4668-BE54-9A1E7A4F7556}") = "MealPlanner.API", "MealPlanner.API.csproj", "{FF43972C-F8D0-4B3A-B3A6-E2F574EF150F}"
EndProject
Project("{9A19103F-16F7-4668-BE54-9A1E7A4F7556}") = "MealPlanner.API.Tests", "..\MealPlanner.API.Tests\MealPlanner.API.Tests.csproj", "{9AEF759E-6ECF-4A34-923E-C03CDAF3F55C}"
EndProject
Project("{FAE04EC0-301F-11D3-BF4B-00C04F79EFBC}") = "MealPlanner.Scraper", "..\MealPlanner.Scraper\MealPlanner.Scraper.csproj", "{671B2BC0-1075-430A-83A1-C23D9AEFA19D}"
EndProject
Global
	GlobalSection(SolutionConfigurationPlatforms) = preSolution
		Debug|Any CPU = Debug|Any CPU
		Release|Any CPU = Release|Any CPU
	EndGlobalSection
	GlobalSection(ProjectConfigurationPlatforms) = postSolution
		{FF43972C-F8D0-4B3A-B3A6-E2F574EF150F}.Debug|Any CPU.ActiveCfg = Debug|Any CPU
		{FF43972C-F8D0-4B3A-B3A6-E2F574EF150F}.Debug|Any CPU.Build.0 = Debug|Any CPU
		{FF43972C-F8D0-4B3A-B3A6-E2F574EF150F}.Release|Any CPU.ActiveCfg = Release|Any CPU
		{FF43972C-F8D0-4B3A-B3A6-E2F574EF150F}.Release|Any CPU.Build.0 = Release|Any CPU
		{9AEF759E-6ECF-4A34-923E-C03CDAF3F55C}.Debug|Any CPU.ActiveCfg = Debug|Any CPU
		{9AEF759E-6ECF-4A34-923E-C03CDAF3F55C}.Debug|Any CPU.Build.0 = Debug|Any CPU
		{9AEF759E-6ECF-4A34-923E-C03CDAF3F55C}.Release|Any CPU.ActiveCfg = Release|Any CPU
		{9AEF759E-6ECF-4A34-923E-C03CDAF3F55C}.Release|Any CPU.Build.0 = Release|Any CPU
		{671B2BC0-1075-430A-83A1-C23D9AEFA19D}.Debug|Any CPU.ActiveCfg = Debug|Any CPU
		{671B2BC0-1075-430A-83A1-C23D9AEFA19D}.Debug|Any CPU.Build.0 = Debug|Any CPU
		{671B2BC0-1075-430A-83A1-C23D9AEFA19D}.Release|Any CPU.ActiveCfg = Release|Any CPU
		{671B2BC0-1075-430A-83A1-C23D9AEFA19D}.Release|Any CPU.Build.0 = Release|Any CPU
	EndGlobalSection
	GlobalSection(SolutionProperties) = preSolution
		HideSolutionNode = FALSE
	EndGlobalSection
	GlobalSection(ExtensibilityGlobals) = postSolution
		SolutionGuid = {24E9C1DD-5BA5-460C-9182-D1174B86260A}
	EndGlobalSection
EndGlobal
